// !$*UTF8*$!
{
	archiveVersion = 1;
	classes = {
	};
	objectVersion = 55;
	objects = {

/* Begin PBXBuildFile section */
		305369DA2737958B0017D2C2 /* foodIOSApp.swift in Sources */ = {isa = PBXBuildFile; fileRef = 305369D92737958B0017D2C2 /* foodIOSApp.swift */; };
		305369DC2737958B0017D2C2 /* ContentView.swift in Sources */ = {isa = PBXBuildFile; fileRef = 305369DB2737958B0017D2C2 /* ContentView.swift */; };
		305369DE2737958C0017D2C2 /* Assets.xcassets in Resources */ = {isa = PBXBuildFile; fileRef = 305369DD2737958C0017D2C2 /* Assets.xcassets */; };
		305369E12737958C0017D2C2 /* Preview Assets.xcassets in Resources */ = {isa = PBXBuildFile; fileRef = 305369E02737958C0017D2C2 /* Preview Assets.xcassets */; };
		305369EB2737958C0017D2C2 /* foodIOSTests.swift in Sources */ = {isa = PBXBuildFile; fileRef = 305369EA2737958C0017D2C2 /* foodIOSTests.swift */; };
		305369F52737958C0017D2C2 /* foodIOSUITests.swift in Sources */ = {isa = PBXBuildFile; fileRef = 305369F42737958C0017D2C2 /* foodIOSUITests.swift */; };
		305369F72737958C0017D2C2 /* foodIOSUITestsLaunchTests.swift in Sources */ = {isa = PBXBuildFile; fileRef = 305369F62737958C0017D2C2 /* foodIOSUITestsLaunchTests.swift */; };
/* End PBXBuildFile section */

/* Begin PBXContainerItemProxy section */
		305369E72737958C0017D2C2 /* PBXContainerItemProxy */ = {
			isa = PBXContainerItemProxy;
			containerPortal = 305369CE2737958B0017D2C2 /* Project object */;
			proxyType = 1;
			remoteGlobalIDString = 305369D52737958B0017D2C2;
			remoteInfo = foodIOS;
		};
		305369F12737958C0017D2C2 /* PBXContainerItemProxy */ = {
			isa = PBXContainerItemProxy;
			containerPortal = 305369CE2737958B0017D2C2 /* Project object */;
			proxyType = 1;
			remoteGlobalIDString = 305369D52737958B0017D2C2;
			remoteInfo = foodIOS;
		};
/* End PBXContainerItemProxy section */

/* Begin PBXFileReference section */
		305369D62737958B0017D2C2 /* foodIOS.app */ = {isa = PBXFileReference; explicitFileType = wrapper.application; includeInIndex = 0; path = foodIOS.app; sourceTree = BUILT_PRODUCTS_DIR; };
		305369D92737958B0017D2C2 /* foodIOSApp.swift */ = {isa = PBXFileReference; lastKnownFileType = sourcecode.swift; path = foodIOSApp.swift; sourceTree = "<group>"; };
		305369DB2737958B0017D2C2 /* ContentView.swift */ = {isa = PBXFileReference; lastKnownFileType = sourcecode.swift; path = ContentView.swift; sourceTree = "<group>"; };
		305369DD2737958C0017D2C2 /* Assets.xcassets */ = {isa = PBXFileReference; lastKnownFileType = folder.assetcatalog; path = Assets.xcassets; sourceTree = "<group>"; };
		305369E02737958C0017D2C2 /* Preview Assets.xcassets */ = {isa = PBXFileReference; lastKnownFileType = folder.assetcatalog; path = "Preview Assets.xcassets"; sourceTree = "<group>"; };
		305369E62737958C0017D2C2 /* foodIOSTests.xctest */ = {isa = PBXFileReference; explicitFileType = wrapper.cfbundle; includeInIndex = 0; path = foodIOSTests.xctest; sourceTree = BUILT_PRODUCTS_DIR; };
		305369EA2737958C0017D2C2 /* foodIOSTests.swift */ = {isa = PBXFileReference; lastKnownFileType = sourcecode.swift; path = foodIOSTests.swift; sourceTree = "<group>"; };
		305369F02737958C0017D2C2 /* foodIOSUITests.xctest */ = {isa = PBXFileReference; explicitFileType = wrapper.cfbundle; includeInIndex = 0; path = foodIOSUITests.xctest; sourceTree = BUILT_PRODUCTS_DIR; };
		305369F42737958C0017D2C2 /* foodIOSUITests.swift */ = {isa = PBXFileReference; lastKnownFileType = sourcecode.swift; path = foodIOSUITests.swift; sourceTree = "<group>"; };
		305369F62737958C0017D2C2 /* foodIOSUITestsLaunchTests.swift */ = {isa = PBXFileReference; lastKnownFileType = sourcecode.swift; path = foodIOSUITestsLaunchTests.swift; sourceTree = "<group>"; };
/* End PBXFileReference section */

/* Begin PBXFrameworksBuildPhase section */
		305369D32737958B0017D2C2 /* Frameworks */ = {
			isa = PBXFrameworksBuildPhase;
			buildActionMask = 2147483647;
			files = (
			);
			runOnlyForDeploymentPostprocessing = 0;
		};
		305369E32737958C0017D2C2 /* Frameworks */ = {
			isa = PBXFrameworksBuildPhase;
			buildActionMask = 2147483647;
			files = (
			);
			runOnlyForDeploymentPostprocessing = 0;
		};
		305369ED2737958C0017D2C2 /* Frameworks */ = {
			isa = PBXFrameworksBuildPhase;
			buildActionMask = 2147483647;
			files = (
			);
			runOnlyForDeploymentPostprocessing = 0;
		};
/* End PBXFrameworksBuildPhase section */

/* Begin PBXGroup section */
		305369CD2737958B0017D2C2 = {
			isa = PBXGroup;
			children = (
				305369D82737958B0017D2C2 /* foodIOS */,
				305369E92737958C0017D2C2 /* foodIOSTests */,
				305369F32737958C0017D2C2 /* foodIOSUITests */,
				305369D72737958B0017D2C2 /* Products */,
			);
			sourceTree = "<group>";
		};
		305369D72737958B0017D2C2 /* Products */ = {
			isa = PBXGroup;
			children = (
				305369D62737958B0017D2C2 /* foodIOS.app */,
				305369E62737958C0017D2C2 /* foodIOSTests.xctest */,
				305369F02737958C0017D2C2 /* foodIOSUITests.xctest */,
			);
			name = Products;
			sourceTree = "<group>";
		};
		305369D82737958B0017D2C2 /* foodIOS */ = {
			isa = PBXGroup;
			children = (
				305369D92737958B0017D2C2 /* foodIOSApp.swift */,
				305369DB2737958B0017D2C2 /* ContentView.swift */,
				305369DD2737958C0017D2C2 /* Assets.xcassets */,
				305369DF2737958C0017D2C2 /* Preview Content */,
			);
			path = foodIOS;
			sourceTree = "<group>";
		};
		305369DF2737958C0017D2C2 /* Preview Content */ = {
			isa = PBXGroup;
			children = (
				305369E02737958C0017D2C2 /* Preview Assets.xcassets */,
			);
			path = "Preview Content";
			sourceTree = "<group>";
		};
		305369E92737958C0017D2C2 /* foodIOSTests */ = {
			isa = PBXGroup;
			children = (
				305369EA2737958C0017D2C2 /* foodIOSTests.swift */,
			);
			path = foodIOSTests;
			sourceTree = "<group>";
		};
		305369F32737958C0017D2C2 /* foodIOSUITests */ = {
			isa = PBXGroup;
			children = (
				305369F42737958C0017D2C2 /* foodIOSUITests.swift */,
				305369F62737958C0017D2C2 /* foodIOSUITestsLaunchTests.swift */,
			);
			path = foodIOSUITests;
			sourceTree = "<group>";
		};
/* End PBXGroup section */

/* Begin PBXNativeTarget section */
		305369D52737958B0017D2C2 /* foodIOS */ = {
			isa = PBXNativeTarget;
			buildConfigurationList = 305369FA2737958C0017D2C2 /* Build configuration list for PBXNativeTarget "foodIOS" */;
			buildPhases = (
				305369D22737958B0017D2C2 /* Sources */,
				305369D32737958B0017D2C2 /* Frameworks */,
				305369D42737958B0017D2C2 /* Resources */,
			);
			buildRules = (
			);
			dependencies = (
			);
			name = foodIOS;
			productName = foodIOS;
			productReference = 305369D62737958B0017D2C2 /* foodIOS.app */;
			productType = "com.apple.product-type.application";
		};
		305369E52737958C0017D2C2 /* foodIOSTests */ = {
			isa = PBXNativeTarget;
			buildConfigurationList = 305369FD2737958C0017D2C2 /* Build configuration list for PBXNativeTarget "foodIOSTests" */;
			buildPhases = (
				305369E22737958C0017D2C2 /* Sources */,
				305369E32737958C0017D2C2 /* Frameworks */,
				305369E42737958C0017D2C2 /* Resources */,
			);
			buildRules = (
			);
			dependencies = (
				305369E82737958C0017D2C2 /* PBXTargetDependency */,
			);
			name = foodIOSTests;
			productName = foodIOSTests;
			productReference = 305369E62737958C0017D2C2 /* foodIOSTests.xctest */;
			productType = "com.apple.product-type.bundle.unit-test";
		};
		305369EF2737958C0017D2C2 /* foodIOSUITests */ = {
			isa = PBXNativeTarget;
			buildConfigurationList = 30536A002737958C0017D2C2 /* Build configuration list for PBXNativeTarget "foodIOSUITests" */;
			buildPhases = (
				305369EC2737958C0017D2C2 /* Sources */,
				305369ED2737958C0017D2C2 /* Frameworks */,
				305369EE2737958C0017D2C2 /* Resources */,
			);
			buildRules = (
			);
			dependencies = (
				305369F22737958C0017D2C2 /* PBXTargetDependency */,
			);
			name = foodIOSUITests;
			productName = foodIOSUITests;
			productReference = 305369F02737958C0017D2C2 /* foodIOSUITests.xctest */;
			productType = "com.apple.product-type.bundle.ui-testing";
		};
/* End PBXNativeTarget section */

/* Begin PBXProject section */
		305369CE2737958B0017D2C2 /* Project object */ = {
			isa = PBXProject;
			attributes = {
				BuildIndependentTargetsInParallel = 1;
				LastSwiftUpdateCheck = 1310;
				LastUpgradeCheck = 1310;
				TargetAttributes = {
					305369D52737958B0017D2C2 = {
						CreatedOnToolsVersion = 13.1;
					};
					305369E52737958C0017D2C2 = {
						CreatedOnToolsVersion = 13.1;
						TestTargetID = 305369D52737958B0017D2C2;
					};
					305369EF2737958C0017D2C2 = {
						CreatedOnToolsVersion = 13.1;
						TestTargetID = 305369D52737958B0017D2C2;
					};
				};
			};
			buildConfigurationList = 305369D12737958B0017D2C2 /* Build configuration list for PBXProject "foodIOS" */;
			compatibilityVersion = "Xcode 13.0";
			developmentRegion = en;
			hasScannedForEncodings = 0;
			knownRegions = (
				en,
				Base,
			);
			mainGroup = 305369CD2737958B0017D2C2;
			productRefGroup = 305369D72737958B0017D2C2 /* Products */;
			projectDirPath = "";
			projectRoot = "";
			targets = (
				305369D52737958B0017D2C2 /* foodIOS */,
				305369E52737958C0017D2C2 /* foodIOSTests */,
				305369EF2737958C0017D2C2 /* foodIOSUITests */,
			);
		};
/* End PBXProject section */

/* Begin PBXResourcesBuildPhase section */
		305369D42737958B0017D2C2 /* Resources */ = {
			isa = PBXResourcesBuildPhase;
			buildActionMask = 2147483647;
			files = (
				305369E12737958C0017D2C2 /* Preview Assets.xcassets in Resources */,
				305369DE2737958C0017D2C2 /* Assets.xcassets in Resources */,
			);
			runOnlyForDeploymentPostprocessing = 0;
		};
		305369E42737958C0017D2C2 /* Resources */ = {
			isa = PBXResourcesBuildPhase;
			buildActionMask = 2147483647;
			files = (
			);
			runOnlyForDeploymentPostprocessing = 0;
		};
		305369EE2737958C0017D2C2 /* Resources */ = {
			isa = PBXResourcesBuildPhase;
			buildActionMask = 2147483647;
			files = (
			);
			runOnlyForDeploymentPostprocessing = 0;
		};
/* End PBXResourcesBuildPhase section */

/* Begin PBXSourcesBuildPhase section */
		305369D22737958B0017D2C2 /* Sources */ = {
			isa = PBXSourcesBuildPhase;
			buildActionMask = 2147483647;
			files = (
				305369DC2737958B0017D2C2 /* ContentView.swift in Sources */,
				305369DA2737958B0017D2C2 /* foodIOSApp.swift in Sources */,
			);
			runOnlyForDeploymentPostprocessing = 0;
		};
		305369E22737958C0017D2C2 /* Sources */ = {
			isa = PBXSourcesBuildPhase;
			buildActionMask = 2147483647;
			files = (
				305369EB2737958C0017D2C2 /* foodIOSTests.swift in Sources */,
			);
			runOnlyForDeploymentPostprocessing = 0;
		};
		305369EC2737958C0017D2C2 /* Sources */ = {
			isa = PBXSourcesBuildPhase;
			buildActionMask = 2147483647;
			files = (
				305369F72737958C0017D2C2 /* foodIOSUITestsLaunchTests.swift in Sources */,
				305369F52737958C0017D2C2 /* foodIOSUITests.swift in Sources */,
			);
			runOnlyForDeploymentPostprocessing = 0;
		};
/* End PBXSourcesBuildPhase section */

/* Begin PBXTargetDependency section */
		305369E82737958C0017D2C2 /* PBXTargetDependency */ = {
			isa = PBXTargetDependency;
			target = 305369D52737958B0017D2C2 /* foodIOS */;
			targetProxy = 305369E72737958C0017D2C2 /* PBXContainerItemProxy */;
		};
		305369F22737958C0017D2C2 /* PBXTargetDependency */ = {
			isa = PBXTargetDependency;
			target = 305369D52737958B0017D2C2 /* foodIOS */;
			targetProxy = 305369F12737958C0017D2C2 /* PBXContainerItemProxy */;
		};
/* End PBXTargetDependency section */

/* Begin XCBuildConfiguration section */
		305369F82737958C0017D2C2 /* Debug */ = {
			isa = XCBuildConfiguration;
			buildSettings = {
				ALWAYS_SEARCH_USER_PATHS = NO;
				CLANG_ANALYZER_NONNULL = YES;
				CLANG_ANALYZER_NUMBER_OBJECT_CONVERSION = YES_AGGRESSIVE;
				CLANG_CXX_LANGUAGE_STANDARD = "gnu++17";
				CLANG_CXX_LIBRARY = "libc++";
				CLANG_ENABLE_MODULES = YES;
				CLANG_ENABLE_OBJC_ARC = YES;
				CLANG_ENABLE_OBJC_WEAK = YES;
				CLANG_WARN_BLOCK_CAPTURE_AUTORELEASING = YES;
				CLANG_WARN_BOOL_CONVERSION = YES;
				CLANG_WARN_COMMA = YES;
				CLANG_WARN_CONSTANT_CONVERSION = YES;
				CLANG_WARN_DEPRECATED_OBJC_IMPLEMENTATIONS = YES;
				CLANG_WARN_DIRECT_OBJC_ISA_USAGE = YES_ERROR;
				CLANG_WARN_DOCUMENTATION_COMMENTS = YES;
				CLANG_WARN_EMPTY_BODY = YES;
				CLANG_WARN_ENUM_CONVERSION = YES;
				CLANG_WARN_INFINITE_RECURSION = YES;
				CLANG_WARN_INT_CONVERSION = YES;
				CLANG_WARN_NON_LITERAL_NULL_CONVERSION = YES;
				CLANG_WARN_OBJC_IMPLICIT_RETAIN_SELF = YES;
				CLANG_WARN_OBJC_LITERAL_CONVERSION = YES;
				CLANG_WARN_OBJC_ROOT_CLASS = YES_ERROR;
				CLANG_WARN_QUOTED_INCLUDE_IN_FRAMEWORK_HEADER = YES;
				CLANG_WARN_RANGE_LOOP_ANALYSIS = YES;
				CLANG_WARN_STRICT_PROTOTYPES = YES;
				CLANG_WARN_SUSPICIOUS_MOVE = YES;
				CLANG_WARN_UNGUARDED_AVAILABILITY = YES_AGGRESSIVE;
				CLANG_WARN_UNREACHABLE_CODE = YES;
				CLANG_WARN__DUPLICATE_METHOD_MATCH = YES;
				COPY_PHASE_STRIP = NO;
				DEBUG_INFORMATION_FORMAT = dwarf;
				ENABLE_STRICT_OBJC_MSGSEND = YES;
				ENABLE_TESTABILITY = YES;
				GCC_C_LANGUAGE_STANDARD = gnu11;
				GCC_DYNAMIC_NO_PIC = NO;
				GCC_NO_COMMON_BLOCKS = YES;
				GCC_OPTIMIZATION_LEVEL = 0;
				GCC_PREPROCESSOR_DEFINITIONS = (
					"DEBUG=1",
					"$(inherited)",
				);
				GCC_WARN_64_TO_32_BIT_CONVERSION = YES;
				GCC_WARN_ABOUT_RETURN_TYPE = YES_ERROR;
				GCC_WARN_UNDECLARED_SELECTOR = YES;
				GCC_WARN_UNINITIALIZED_AUTOS = YES_AGGRESSIVE;
				GCC_WARN_UNUSED_FUNCTION = YES;
				GCC_WARN_UNUSED_VARIABLE = YES;
				IPHONEOS_DEPLOYMENT_TARGET = 15.0;
				MTL_ENABLE_DEBUG_INFO = INCLUDE_SOURCE;
				MTL_FAST_MATH = YES;
				ONLY_ACTIVE_ARCH = YES;
				SDKROOT = iphoneos;
				SWIFT_ACTIVE_COMPILATION_CONDITIONS = DEBUG;
				SWIFT_OPTIMIZATION_LEVEL = "-Onone";
			};
			name = Debug;
		};
		305369F92737958C0017D2C2 /* Release */ = {
			isa = XCBuildConfiguration;
			buildSettings = {
				ALWAYS_SEARCH_USER_PATHS = NO;
				CLANG_ANALYZER_NONNULL = YES;
				CLANG_ANALYZER_NUMBER_OBJECT_CONVERSION = YES_AGGRESSIVE;
				CLANG_CXX_LANGUAGE_STANDARD = "gnu++17";
				CLANG_CXX_LIBRARY = "libc++";
				CLANG_ENABLE_MODULES = YES;
				CLANG_ENABLE_OBJC_ARC = YES;
				CLANG_ENABLE_OBJC_WEAK = YES;
				CLANG_WARN_BLOCK_CAPTURE_AUTORELEASING = YES;
				CLANG_WARN_BOOL_CONVERSION = YES;
				CLANG_WARN_COMMA = YES;
				CLANG_WARN_CONSTANT_CONVERSION = YES;
				CLANG_WARN_DEPRECATED_OBJC_IMPLEMENTATIONS = YES;
				CLANG_WARN_DIRECT_OBJC_ISA_USAGE = YES_ERROR;
				CLANG_WARN_DOCUMENTATION_COMMENTS = YES;
				CLANG_WARN_EMPTY_BODY = YES;
				CLANG_WARN_ENUM_CONVERSION = YES;
				CLANG_WARN_INFINITE_RECURSION = YES;
				CLANG_WARN_INT_CONVERSION = YES;
				CLANG_WARN_NON_LITERAL_NULL_CONVERSION = YES;
				CLANG_WARN_OBJC_IMPLICIT_RETAIN_SELF = YES;
				CLANG_WARN_OBJC_LITERAL_CONVERSION = YES;
				CLANG_WARN_OBJC_ROOT_CLASS = YES_ERROR;
				CLANG_WARN_QUOTED_INCLUDE_IN_FRAMEWORK_HEADER = YES;
				CLANG_WARN_RANGE_LOOP_ANALYSIS = YES;
				CLANG_WARN_STRICT_PROTOTYPES = YES;
				CLANG_WARN_SUSPICIOUS_MOVE = YES;
				CLANG_WARN_UNGUARDED_AVAILABILITY = YES_AGGRESSIVE;
				CLANG_WARN_UNREACHABLE_CODE = YES;
				CLANG_WARN__DUPLICATE_METHOD_MATCH = YES;
				COPY_PHASE_STRIP = NO;
				DEBUG_INFORMATION_FORMAT = "dwarf-with-dsym";
				ENABLE_NS_ASSERTIONS = NO;
				ENABLE_STRICT_OBJC_MSGSEND = YES;
				GCC_C_LANGUAGE_STANDARD = gnu11;
				GCC_NO_COMMON_BLOCKS = YES;
				GCC_WARN_64_TO_32_BIT_CONVERSION = YES;
				GCC_WARN_ABOUT_RETURN_TYPE = YES_ERROR;
				GCC_WARN_UNDECLARED_SELECTOR = YES;
				GCC_WARN_UNINITIALIZED_AUTOS = YES_AGGRESSIVE;
				GCC_WARN_UNUSED_FUNCTION = YES;
				GCC_WARN_UNUSED_VARIABLE = YES;
				IPHONEOS_DEPLOYMENT_TARGET = 15.0;
				MTL_ENABLE_DEBUG_INFO = NO;
				MTL_FAST_MATH = YES;
				SDKROOT = iphoneos;
				SWIFT_COMPILATION_MODE = wholemodule;
				SWIFT_OPTIMIZATION_LEVEL = "-O";
				VALIDATE_PRODUCT = YES;
			};
			name = Release;
		};
		305369FB2737958C0017D2C2 /* Debug */ = {
			isa = XCBuildConfiguration;
			buildSettings = {
				ASSETCATALOG_COMPILER_APPICON_NAME = AppIcon;
				ASSETCATALOG_COMPILER_GLOBAL_ACCENT_COLOR_NAME = AccentColor;
				CODE_SIGN_STYLE = Automatic;
				CURRENT_PROJECT_VERSION = 1;
				DEVELOPMENT_ASSET_PATHS = "\"foodIOS/Preview Content\"";
				ENABLE_PREVIEWS = YES;
				GENERATE_INFOPLIST_FILE = YES;
				INFOPLIST_KEY_UIApplicationSceneManifest_Generation = YES;
				INFOPLIST_KEY_UIApplicationSupportsIndirectInputEvents = YES;
				INFOPLIST_KEY_UILaunchScreen_Generation = YES;
				INFOPLIST_KEY_UISupportedInterfaceOrientations_iPad = "UIInterfaceOrientationPortrait UIInterfaceOrientationPortraitUpsideDown UIInterfaceOrientationLandscapeLeft UIInterfaceOrientationLandscapeRight";
				INFOPLIST_KEY_UISupportedInterfaceOrientations_iPhone = "UIInterfaceOrientationPortrait UIInterfaceOrientationLandscapeLeft UIInterfaceOrientationLandscapeRight";
				LD_RUNPATH_SEARCH_PATHS = (
					"$(inherited)",
					"@executable_path/Frameworks",
				);
				MARKETING_VERSION = 1.0;
				PRODUCT_BUNDLE_IDENTIFIER = blackwhite.foodIOS;
				PRODUCT_NAME = "$(TARGET_NAME)";
				SWIFT_EMIT_LOC_STRINGS = YES;
				SWIFT_VERSION = 5.0;
				TARGETED_DEVICE_FAMILY = "1,2";
			};
			name = Debug;
		};
		305369FC2737958C0017D2C2 /* Release */ = {
			isa = XCBuildConfiguration;
			buildSettings = {
				ASSETCATALOG_COMPILER_APPICON_NAME = AppIcon;
				ASSETCATALOG_COMPILER_GLOBAL_ACCENT_COLOR_NAME = AccentColor;
				CODE_SIGN_STYLE = Automatic;
				CURRENT_PROJECT_VERSION = 1;
				DEVELOPMENT_ASSET_PATHS = "\"foodIOS/Preview Content\"";
				ENABLE_PREVIEWS = YES;
				GENERATE_INFOPLIST_FILE = YES;
				INFOPLIST_KEY_UIApplicationSceneManifest_Generation = YES;
				INFOPLIST_KEY_UIApplicationSupportsIndirectInputEvents = YES;
				INFOPLIST_KEY_UILaunchScreen_Generation = YES;
				INFOPLIST_KEY_UISupportedInterfaceOrientations_iPad = "UIInterfaceOrientationPortrait UIInterfaceOrientationPortraitUpsideDown UIInterfaceOrientationLandscapeLeft UIInterfaceOrientationLandscapeRight";
				INFOPLIST_KEY_UISupportedInterfaceOrientations_iPhone = "UIInterfaceOrientationPortrait UIInterfaceOrientationLandscapeLeft UIInterfaceOrientationLandscapeRight";
				LD_RUNPATH_SEARCH_PATHS = (
					"$(inherited)",
					"@executable_path/Frameworks",
				);
				MARKETING_VERSION = 1.0;
				PRODUCT_BUNDLE_IDENTIFIER = blackwhite.foodIOS;
				PRODUCT_NAME = "$(TARGET_NAME)";
				SWIFT_EMIT_LOC_STRINGS = YES;
				SWIFT_VERSION = 5.0;
				TARGETED_DEVICE_FAMILY = "1,2";
			};
			name = Release;
		};
		305369FE2737958C0017D2C2 /* Debug */ = {
			isa = XCBuildConfiguration;
			buildSettings = {
				ALWAYS_EMBED_SWIFT_STANDARD_LIBRARIES = YES;
				BUNDLE_LOADER = "$(TEST_HOST)";
				CODE_SIGN_STYLE = Automatic;
				CURRENT_PROJECT_VERSION = 1;
				GENERATE_INFOPLIST_FILE = YES;
				IPHONEOS_DEPLOYMENT_TARGET = 15.0;
				LD_RUNPATH_SEARCH_PATHS = (
					"$(inherited)",
					"@executable_path/Frameworks",
					"@loader_path/Frameworks",
				);
				MARKETING_VERSION = 1.0;
				PRODUCT_BUNDLE_IDENTIFIER = blackwhite.foodIOSTests;
				PRODUCT_NAME = "$(TARGET_NAME)";
				SWIFT_EMIT_LOC_STRINGS = NO;
				SWIFT_VERSION = 5.0;
				TARGETED_DEVICE_FAMILY = "1,2";
				TEST_HOST = "$(BUILT_PRODUCTS_DIR)/foodIOS.app/foodIOS";
			};
			name = Debug;
		};
		305369FF2737958C0017D2C2 /* Release */ = {
			isa = XCBuildConfiguration;
			buildSettings = {
				ALWAYS_EMBED_SWIFT_STANDARD_LIBRARIES = YES;
				BUNDLE_LOADER = "$(TEST_HOST)";
				CODE_SIGN_STYLE = Automatic;
				CURRENT_PROJECT_VERSION = 1;
				GENERATE_INFOPLIST_FILE = YES;
				IPHONEOS_DEPLOYMENT_TARGET = 15.0;
				LD_RUNPATH_SEARCH_PATHS = (
					"$(inherited)",
					"@executable_path/Frameworks",
					"@loader_path/Frameworks",
				);
				MARKETING_VERSION = 1.0;
				PRODUCT_BUNDLE_IDENTIFIER = blackwhite.foodIOSTests;
				PRODUCT_NAME = "$(TARGET_NAME)";
				SWIFT_EMIT_LOC_STRINGS = NO;
				SWIFT_VERSION = 5.0;
				TARGETED_DEVICE_FAMILY = "1,2";
				TEST_HOST = "$(BUILT_PRODUCTS_DIR)/foodIOS.app/foodIOS";
			};
			name = Release;
		};
		30536A012737958C0017D2C2 /* Debug */ = {
			isa = XCBuildConfiguration;
			buildSettings = {
				ALWAYS_EMBED_SWIFT_STANDARD_LIBRARIES = YES;
				CODE_SIGN_STYLE = Automatic;
				CURRENT_PROJECT_VERSION = 1;
				GENERATE_INFOPLIST_FILE = YES;
				LD_RUNPATH_SEARCH_PATHS = (
					"$(inherited)",
					"@executable_path/Frameworks",
					"@loader_path/Frameworks",
				);
				MARKETING_VERSION = 1.0;
				PRODUCT_BUNDLE_IDENTIFIER = blackwhite.foodIOSUITests;
				PRODUCT_NAME = "$(TARGET_NAME)";
				SWIFT_EMIT_LOC_STRINGS = NO;
				SWIFT_VERSION = 5.0;
				TARGETED_DEVICE_FAMILY = "1,2";
				TEST_TARGET_NAME = foodIOS;
			};
			name = Debug;
		};
		30536A022737958C0017D2C2 /* Release */ = {
			isa = XCBuildConfiguration;
			buildSettings = {
				ALWAYS_EMBED_SWIFT_STANDARD_LIBRARIES = YES;
				CODE_SIGN_STYLE = Automatic;
				CURRENT_PROJECT_VERSION = 1;
				GENERATE_INFOPLIST_FILE = YES;
				LD_RUNPATH_SEARCH_PATHS = (
					"$(inherited)",
					"@executable_path/Frameworks",
					"@loader_path/Frameworks",
				);
				MARKETING_VERSION = 1.0;
				PRODUCT_BUNDLE_IDENTIFIER = blackwhite.foodIOSUITests;
				PRODUCT_NAME = "$(TARGET_NAME)";
				SWIFT_EMIT_LOC_STRINGS = NO;
				SWIFT_VERSION = 5.0;
				TARGETED_DEVICE_FAMILY = "1,2";
				TEST_TARGET_NAME = foodIOS;
			};
			name = Release;
		};
/* End XCBuildConfiguration section */

/* Begin XCConfigurationList section */
		305369D12737958B0017D2C2 /* Build configuration list for PBXProject "foodIOS" */ = {
			isa = XCConfigurationList;
			buildConfigurations = (
				305369F82737958C0017D2C2 /* Debug */,
				305369F92737958C0017D2C2 /* Release */,
			);
			defaultConfigurationIsVisible = 0;
			defaultConfigurationName = Release;
		};
		305369FA2737958C0017D2C2 /* Build configuration list for PBXNativeTarget "foodIOS" */ = {
			isa = XCConfigurationList;
			buildConfigurations = (
				305369FB2737958C0017D2C2 /* Debug */,
				305369FC2737958C0017D2C2 /* Release */,
			);
			defaultConfigurationIsVisible = 0;
			defaultConfigurationName = Release;
		};
		305369FD2737958C0017D2C2 /* Build configuration list for PBXNativeTarget "foodIOSTests" */ = {
			isa = XCConfigurationList;
			buildConfigurations = (
				305369FE2737958C0017D2C2 /* Debug */,
				305369FF2737958C0017D2C2 /* Release */,
			);
			defaultConfigurationIsVisible = 0;
			defaultConfigurationName = Release;
		};
		30536A002737958C0017D2C2 /* Build configuration list for PBXNativeTarget "foodIOSUITests" */ = {
			isa = XCConfigurationList;
			buildConfigurations = (
				30536A012737958C0017D2C2 /* Debug */,
				30536A022737958C0017D2C2 /* Release */,
			);
			defaultConfigurationIsVisible = 0;
			defaultConfigurationName = Release;
		};
/* End XCConfigurationList section */
	};
	rootObject = 305369CE2737958B0017D2C2 /* Project object */;
}
